
Microsoft Visual Studio Solution File, Format Version 12.00
# Visual Studio Version 17
VisualStudioVersion = 17.1.32319.34
MinimumVisualStudioVersion = 10.0.40219.1
Project("{FAE04EC0-301F-11D3-BF4B-00C04F79EFBC}") = "CQRSMediatRExample", "CQRSMediatRExample\CQRSMediatRExample.csproj", "{DDCE141E-C49E-4B2D-B868-01D4BA416FB9}"
EndProject
Global
	GlobalSection(SolutionConfigurationPlatforms) = preSolution
		Debug|Any CPU = Debug|Any CPU
		Release|Any CPU = Release|Any CPU
	EndGlobalSection
	GlobalSection(ProjectConfigurationPlatforms) = postSolution
		{DDCE141E-C49E-4B2D-B868-01D4BA416FB9}.Debug|Any CPU.ActiveCfg = Debug|Any CPU
		{DDCE141E-C49E-4B2D-B868-01D4BA416FB9}.Debug|Any CPU.Build.0 = Debug|Any CPU
		{DDCE141E-C49E-4B2D-B868-01D4BA416FB9}.Release|Any CPU.ActiveCfg = Release|Any CPU
		{DDCE141E-C49E-4B2D-B868-01D4BA416FB9}.Release|Any CPU.Build.0 = Release|Any CPU
	EndGlobalSection
	GlobalSection(SolutionProperties) = preSolution
		HideSolutionNode = FALSE
	EndGlobalSection
	GlobalSection(ExtensibilityGlobals) = postSolution
		SolutionGuid = {9BD21626-6F14-4D2F-A01B-7C465F03EB12}
	EndGlobalSection
EndGlobal
